{
  "requires": true,
  "lockfileVersion": 1,
  "dependencies": {
    "react-use-gesture": {
      "version": "9.1.3",
      "resolved": "https://registry.npmjs.org/react-use-gesture/-/react-use-gesture-9.1.3.tgz",
      "integrity": "sha512-CdqA2SmS/fj3kkS2W8ZU8wjTbVBAIwDWaRprX7OKaj7HlGwBasGEFggmk5qNklknqk9zK/h8D355bEJFTpqEMg=="
    }
  }
}
